{
  "name": "tizen",
  "version": "0.0.0",
  "lockfileVersion": 3,
  "requires": true,
  "packages": {
    "": {
      "name": "tizen",
      "version": "0.0.0",
      "dependencies": {
        "react": "^19.1.1",
        "react-dom": "^19.1.1"
      },
      "devDependencies": {
        "@eslint/js": "^9.36.0",
        "@types/react": "^19.1.16",
        "@types/react-dom": "^19.1.9",
        "@vitejs/plugin-react": "4.2.1",
        "eslint": "^9.36.0",
        "eslint-plugin-react-hooks": "^5.2.0",
        "eslint-plugin-react-refresh": "^0.4.22",
        "globals": "^16.4.0",
        "vite": "5.4.10"
      }
    },
    "node_modules/@vitejs/plugin-react": {
      "version": "4.2.1",
      "resolved": "https://registry.npmjs.org/@vitejs/plugin-react/-/plugin-react-4.2.1.tgz",
      "integrity": "sha512-HX0jQ6xk6xgkYBkc5tJ8vB93fC2iJ9w6sQj3S0Nw1h8Z0m7kO9Vv1lL2W6b2nUWL8q8U/0+JrS8aQLmNf8XJyg==",
      "dev": true,
      "peerDependencies": {
        "vite": "^4.2.0 || ^5.0.0"
      },
      "engines": {
        "node": ">=14.18.0"
      }
    },
    "node_modules/vite": {
      "version": "5.4.10",
      "resolved": "https://registry.npmjs.org/vite/-/vite-5.4.10.tgz",
      "integrity": "sha512-o8ybxvZ8Y3X5Zp6k0nLwQxg4G2kWkg2sR2G1C8Q2c2s1k2tYQ5lN1aZ2S0o6Hk9nV7oYQ4yhcJc9H1S1qkYH7A==",
      "dev": true,
      "bin": {
        "vite": "bin/vite.js"
      },
      "engines": {
        "node": "^18.0.0 || >=20.0.0"
      }
    }
  }
}
